
Microsoft Visual Studio Solution File, Format Version 12.00
# Visual Studio Version 16
VisualStudioVersion = 16.0.29102.190
MinimumVisualStudioVersion = 10.0.40219.1
Project("{FAE04EC0-301F-11D3-BF4B-00C04F79EFBC}") = "Structural.Composite.NeuralNetwork", "Structural.Composite.NeuralNetwork\Structural.Composite.NeuralNetwork.csproj", "{05959164-1635-4DE8-B605-8C9E7592DCE1}"
EndProject
Global
	GlobalSection(SolutionConfigurationPlatforms) = preSolution
		Debug|Any CPU = Debug|Any CPU
		Release|Any CPU = Release|Any CPU
	EndGlobalSection
	GlobalSection(ProjectConfigurationPlatforms) = postSolution
		{05959164-1635-4DE8-B605-8C9E7592DCE1}.Debug|Any CPU.ActiveCfg = Debug|Any CPU
		{05959164-1635-4DE8-B605-8C9E7592DCE1}.Debug|Any CPU.Build.0 = Debug|Any CPU
		{05959164-1635-4DE8-B605-8C9E7592DCE1}.Release|Any CPU.ActiveCfg = Release|Any CPU
		{05959164-1635-4DE8-B605-8C9E7592DCE1}.Release|Any CPU.Build.0 = Release|Any CPU
	EndGlobalSection
	GlobalSection(SolutionProperties) = preSolution
		HideSolutionNode = FALSE
	EndGlobalSection
	GlobalSection(ExtensibilityGlobals) = postSolution
		SolutionGuid = {00D5DA91-4D6D-4E5F-A429-DF3257688B15}
	EndGlobalSection
EndGlobal
